
Microsoft Visual Studio Solution File, Format Version 12.00
# Visual Studio Version 16
VisualStudioVersion = 16.0.31424.327
MinimumVisualStudioVersion = 10.0.40219.1
Project("{FAE04EC0-301F-11D3-BF4B-00C04F79EFBC}") = "Api_Firma", "Api_Firma\Api_Firma.csproj", "{6DB9352B-8332-4C34-8340-80BF6370E7FC}"
EndProject
Global
	GlobalSection(SolutionConfigurationPlatforms) = preSolution
		Debug|Any CPU = Debug|Any CPU
		Release|Any CPU = Release|Any CPU
	EndGlobalSection
	GlobalSection(ProjectConfigurationPlatforms) = postSolution
		{6DB9352B-8332-4C34-8340-80BF6370E7FC}.Debug|Any CPU.ActiveCfg = Debug|Any CPU
		{6DB9352B-8332-4C34-8340-80BF6370E7FC}.Debug|Any CPU.Build.0 = Debug|Any CPU
		{6DB9352B-8332-4C34-8340-80BF6370E7FC}.Release|Any CPU.ActiveCfg = Release|Any CPU
		{6DB9352B-8332-4C34-8340-80BF6370E7FC}.Release|Any CPU.Build.0 = Release|Any CPU
	EndGlobalSection
	GlobalSection(SolutionProperties) = preSolution
		HideSolutionNode = FALSE
	EndGlobalSection
	GlobalSection(ExtensibilityGlobals) = postSolution
		SolutionGuid = {B8D0E106-C40C-4FBA-9C2A-9A70E0FCDD4E}
	EndGlobalSection
EndGlobal
